
Microsoft Visual Studio Solution File, Format Version 12.00
Project("{2150E333-8FDC-42A3-9474-1A3956D46DE8}") = "MoviesService", "MoviesService", "{437837AA-AECD-4F38-BBB5-AE8873E1DCCC}"
EndProject
Project("{2150E333-8FDC-42A3-9474-1A3956D46DE8}") = "Helpers", "Helpers", "{E206559B-5371-451B-AD2E-D5E304174D51}"
	ProjectSection(SolutionItems) = preProject
		Helpers\Course.postman_collection.json = Helpers\Course.postman_collection.json
		Helpers\movies.json = Helpers\movies.json
	EndProjectSection
EndProject
Project("{FAE04EC0-301F-11D3-BF4B-00C04F79EFBC}") = "Movies.Api", "Movies.Api\Movies.Api.csproj", "{02F65C28-D121-4EE8-A29A-F9EE862324D9}"
EndProject
Project("{FAE04EC0-301F-11D3-BF4B-00C04F79EFBC}") = "Movies.Contracts", "Movies.Contracts\Movies.Contracts.csproj", "{712E3DD0-AABF-4A6D-AF5D-19DEC82498EA}"
EndProject
Project("{FAE04EC0-301F-11D3-BF4B-00C04F79EFBC}") = "Movies.Application", "Movies.Application\Movies.Application.csproj", "{3004A485-47B3-44F9-9941-D83686F071AA}"
EndProject
Project("{2150E333-8FDC-42A3-9474-1A3956D46DE8}") = "Solution Items", "Solution Items", "{CEFB1FBE-4DF2-44DC-91F3-2A8F3F24B3F1}"
	ProjectSection(SolutionItems) = preProject
		compose.yaml = compose.yaml
	EndProjectSection
EndProject
Global
	GlobalSection(SolutionConfigurationPlatforms) = preSolution
		Debug|Any CPU = Debug|Any CPU
		Release|Any CPU = Release|Any CPU
	EndGlobalSection
	GlobalSection(NestedProjects) = preSolution
		{02F65C28-D121-4EE8-A29A-F9EE862324D9} = {437837AA-AECD-4F38-BBB5-AE8873E1DCCC}
		{712E3DD0-AABF-4A6D-AF5D-19DEC82498EA} = {437837AA-AECD-4F38-BBB5-AE8873E1DCCC}
		{3004A485-47B3-44F9-9941-D83686F071AA} = {437837AA-AECD-4F38-BBB5-AE8873E1DCCC}
	EndGlobalSection
	GlobalSection(ProjectConfigurationPlatforms) = postSolution
		{02F65C28-D121-4EE8-A29A-F9EE862324D9}.Debug|Any CPU.ActiveCfg = Debug|Any CPU
		{02F65C28-D121-4EE8-A29A-F9EE862324D9}.Debug|Any CPU.Build.0 = Debug|Any CPU
		{02F65C28-D121-4EE8-A29A-F9EE862324D9}.Release|Any CPU.ActiveCfg = Release|Any CPU
		{02F65C28-D121-4EE8-A29A-F9EE862324D9}.Release|Any CPU.Build.0 = Release|Any CPU
		{712E3DD0-AABF-4A6D-AF5D-19DEC82498EA}.Debug|Any CPU.ActiveCfg = Debug|Any CPU
		{712E3DD0-AABF-4A6D-AF5D-19DEC82498EA}.Debug|Any CPU.Build.0 = Debug|Any CPU
		{712E3DD0-AABF-4A6D-AF5D-19DEC82498EA}.Release|Any CPU.ActiveCfg = Release|Any CPU
		{712E3DD0-AABF-4A6D-AF5D-19DEC82498EA}.Release|Any CPU.Build.0 = Release|Any CPU
		{3004A485-47B3-44F9-9941-D83686F071AA}.Debug|Any CPU.ActiveCfg = Debug|Any CPU
		{3004A485-47B3-44F9-9941-D83686F071AA}.Debug|Any CPU.Build.0 = Debug|Any CPU
		{3004A485-47B3-44F9-9941-D83686F071AA}.Release|Any CPU.ActiveCfg = Release|Any CPU
		{3004A485-47B3-44F9-9941-D83686F071AA}.Release|Any CPU.Build.0 = Release|Any CPU
	EndGlobalSection
EndGlobal
